github.com/mchackorg/gonts/nts v0.0.0-20190323211905-299c23167f17/go.mod h1:2czOQTn7w23UANM3bo55Sm1eYVE5ZLQ1vzQ37b86y3M=
github.com/mchackorg/gonts/nts v0.0.0-20190720115309-65462f6c8ac2 h1:oZ6OY3wAMgNLsfgLyiqjmTzfeuKMSJxnW9a53jGaXF8=
github.com/mchackorg/gonts/nts v0.0.0-20190720115309-65462f6c8ac2/go.mod h1:jM63kHOJhkdJjtXpQfD6ohVJgei7zen1mBQ7s7UxXB0=
